
Microsoft Visual Studio Solution File, Format Version 11.00
# Visual Studio 2010
<<<<<<< HEAD
Project("{FAE04EC0-301F-11D3-BF4B-00C04F79EFBC}") = "presentacion", "login\presentacion.csproj", "{F4C0A119-162E-48C7-9D6F-C5BBD56E85EC}"
=======
Project("{FAE04EC0-301F-11D3-BF4B-00C04F79EFBC}") = "login", "login\login.csproj", "{F4C0A119-162E-48C7-9D6F-C5BBD56E85EC}"
>>>>>>> dd7f079cc57f440af3dca40207546d11f032131a
EndProject
Project("{FAE04EC0-301F-11D3-BF4B-00C04F79EFBC}") = "negocios", "negocios\negocios.csproj", "{30D49B72-867F-4251-94FA-626EC02D1642}"
EndProject
Project("{FAE04EC0-301F-11D3-BF4B-00C04F79EFBC}") = "datos", "datos\datos.csproj", "{E0CB351D-1BEE-4137-BBD3-76ACF4308FB1}"
EndProject
Global
	GlobalSection(SolutionConfigurationPlatforms) = preSolution
		Debug|Any CPU = Debug|Any CPU
		Release|Any CPU = Release|Any CPU
	EndGlobalSection
	GlobalSection(ProjectConfigurationPlatforms) = postSolution
		{F4C0A119-162E-48C7-9D6F-C5BBD56E85EC}.Debug|Any CPU.ActiveCfg = Debug|Any CPU
		{F4C0A119-162E-48C7-9D6F-C5BBD56E85EC}.Debug|Any CPU.Build.0 = Debug|Any CPU
		{F4C0A119-162E-48C7-9D6F-C5BBD56E85EC}.Release|Any CPU.ActiveCfg = Release|Any CPU
		{F4C0A119-162E-48C7-9D6F-C5BBD56E85EC}.Release|Any CPU.Build.0 = Release|Any CPU
		{30D49B72-867F-4251-94FA-626EC02D1642}.Debug|Any CPU.ActiveCfg = Debug|Any CPU
		{30D49B72-867F-4251-94FA-626EC02D1642}.Debug|Any CPU.Build.0 = Debug|Any CPU
		{30D49B72-867F-4251-94FA-626EC02D1642}.Release|Any CPU.ActiveCfg = Release|Any CPU
		{30D49B72-867F-4251-94FA-626EC02D1642}.Release|Any CPU.Build.0 = Release|Any CPU
		{E0CB351D-1BEE-4137-BBD3-76ACF4308FB1}.Debug|Any CPU.ActiveCfg = Debug|Any CPU
		{E0CB351D-1BEE-4137-BBD3-76ACF4308FB1}.Debug|Any CPU.Build.0 = Debug|Any CPU
		{E0CB351D-1BEE-4137-BBD3-76ACF4308FB1}.Release|Any CPU.ActiveCfg = Release|Any CPU
		{E0CB351D-1BEE-4137-BBD3-76ACF4308FB1}.Release|Any CPU.Build.0 = Release|Any CPU
	EndGlobalSection
	GlobalSection(SolutionProperties) = preSolution
		HideSolutionNode = FALSE
	EndGlobalSection
EndGlobal
